<Solution>
  <Folder Name="/Solution Items/">
    <File Path="../.gitignore" />
    <File Path="../debug.bat" />
    <File Path="../LICENSE.md" />
    <File Path="../README.md" />
    <File Path="../release.bat" />
    <File Path=".editorconfig" />
  </Folder>
  <Project Path="Limbo.Umbraco.Video/Limbo.Umbraco.Video.csproj" />
</Solution>
